{
    "requires": true,
    "lockfileVersion": 1,
    "dependencies": {
        "electron-to-chromium": {
            "version": "1.3.632",
            "resolved": "https://registry.npmjs.org/electron-to-chromium/-/electron-to-chromium-1.3.632.tgz",
            "integrity": "sha512-LkaEH9HHr9fodmm3txF4nFMyHN3Yr50HcpD/DBHpLCxzM9doV8AV0er6aBWva4IDs2aA9kGguces0rp+WKL7rg=="
        }
    }
}
